
Microsoft Visual Studio Solution File, Format Version 12.00
# Visual Studio Version 17
VisualStudioVersion = 17.14.36408.4 d17.14
MinimumVisualStudioVersion = 10.0.40219.1
Project("{FAE04EC0-301F-11D3-BF4B-00C04F79EFBC}") = "MDIEstudiante", "MDIEstudiante\MDIEstudiante.csproj", "{DFAFDBD9-9456-4A6F-A92D-E5C5F0258B79}"
EndProject
Global
	GlobalSection(SolutionConfigurationPlatforms) = preSolution
		Debug|Any CPU = Debug|Any CPU
		Release|Any CPU = Release|Any CPU
	EndGlobalSection
	GlobalSection(ProjectConfigurationPlatforms) = postSolution
		{DFAFDBD9-9456-4A6F-A92D-E5C5F0258B79}.Debug|Any CPU.ActiveCfg = Debug|Any CPU
		{DFAFDBD9-9456-4A6F-A92D-E5C5F0258B79}.Debug|Any CPU.Build.0 = Debug|Any CPU
		{DFAFDBD9-9456-4A6F-A92D-E5C5F0258B79}.Release|Any CPU.ActiveCfg = Release|Any CPU
		{DFAFDBD9-9456-4A6F-A92D-E5C5F0258B79}.Release|Any CPU.Build.0 = Release|Any CPU
	EndGlobalSection
	GlobalSection(SolutionProperties) = preSolution
		HideSolutionNode = FALSE
	EndGlobalSection
	GlobalSection(ExtensibilityGlobals) = postSolution
		SolutionGuid = {4B17A4D3-32A5-4B2F-944E-0D8107765910}
	EndGlobalSection
EndGlobal
