
Microsoft Visual Studio Solution File, Format Version 12.00
# Visual Studio Version 17
VisualStudioVersion = 17.14.36408.4 d17.14
MinimumVisualStudioVersion = 10.0.40219.1
Project("{FAE04EC0-301F-11D3-BF4B-00C04F79EFBC}") = "Visor de imagenes", "Visor de imagenes\Visor de imagenes.csproj", "{13A51C2E-CE44-470C-897A-407905324495}"
EndProject
Global
	GlobalSection(SolutionConfigurationPlatforms) = preSolution
		Debug|Any CPU = Debug|Any CPU
		Release|Any CPU = Release|Any CPU
	EndGlobalSection
	GlobalSection(ProjectConfigurationPlatforms) = postSolution
		{13A51C2E-CE44-470C-897A-407905324495}.Debug|Any CPU.ActiveCfg = Debug|Any CPU
		{13A51C2E-CE44-470C-897A-407905324495}.Debug|Any CPU.Build.0 = Debug|Any CPU
		{13A51C2E-CE44-470C-897A-407905324495}.Release|Any CPU.ActiveCfg = Release|Any CPU
		{13A51C2E-CE44-470C-897A-407905324495}.Release|Any CPU.Build.0 = Release|Any CPU
	EndGlobalSection
	GlobalSection(SolutionProperties) = preSolution
		HideSolutionNode = FALSE
	EndGlobalSection
	GlobalSection(ExtensibilityGlobals) = postSolution
		SolutionGuid = {7244B5AB-8294-4C4F-91DE-E2250AE6711C}
	EndGlobalSection
EndGlobal
