
Microsoft Visual Studio Solution File, Format Version 12.00
# Visual Studio Version 17
VisualStudioVersion = 17.14.36408.4 d17.14
MinimumVisualStudioVersion = 10.0.40219.1
Project("{FAE04EC0-301F-11D3-BF4B-00C04F79EFBC}") = "WindowsFormsApp1", "WindowsFormsApp1\WindowsFormsApp1.csproj", "{8A80D0A6-2A48-494B-B70F-7D84D267054D}"
EndProject
Global
	GlobalSection(SolutionConfigurationPlatforms) = preSolution
		Debug|Any CPU = Debug|Any CPU
		Release|Any CPU = Release|Any CPU
	EndGlobalSection
	GlobalSection(ProjectConfigurationPlatforms) = postSolution
		{8A80D0A6-2A48-494B-B70F-7D84D267054D}.Debug|Any CPU.ActiveCfg = Debug|Any CPU
		{8A80D0A6-2A48-494B-B70F-7D84D267054D}.Debug|Any CPU.Build.0 = Debug|Any CPU
		{8A80D0A6-2A48-494B-B70F-7D84D267054D}.Release|Any CPU.ActiveCfg = Release|Any CPU
		{8A80D0A6-2A48-494B-B70F-7D84D267054D}.Release|Any CPU.Build.0 = Release|Any CPU
	EndGlobalSection
	GlobalSection(SolutionProperties) = preSolution
		HideSolutionNode = FALSE
	EndGlobalSection
	GlobalSection(ExtensibilityGlobals) = postSolution
		SolutionGuid = {B2B6BB5B-DEC4-45A9-8FE6-44421E5EC191}
	EndGlobalSection
EndGlobal
